// !$*UTF8*$!
{
	archiveVersion = 1;
	classes = {
	};
	objectVersion = 56;
	objects = {

/* Begin PBXBuildFile section */
		B70117ED2BA362BB00F7CAF5 /* AppDelegate.swift in Sources */ = {isa = PBXBuildFile; fileRef = B70117EC2BA362BB00F7CAF5 /* AppDelegate.swift */; };
		B70117EF2BA362BB00F7CAF5 /* SceneDelegate.swift in Sources */ = {isa = PBXBuildFile; fileRef = B70117EE2BA362BB00F7CAF5 /* SceneDelegate.swift */; };
		B70117F42BA362BB00F7CAF5 /* Main.storyboard in Resources */ = {isa = PBXBuildFile; fileRef = B70117F22BA362BB00F7CAF5 /* Main.storyboard */; };
		B70117F62BA362BC00F7CAF5 /* Assets.xcassets in Resources */ = {isa = PBXBuildFile; fileRef = B70117F52BA362BC00F7CAF5 /* Assets.xcassets */; };
		B70117F92BA362BC00F7CAF5 /* LaunchScreen.storyboard in Resources */ = {isa = PBXBuildFile; fileRef = B70117F72BA362BC00F7CAF5 /* LaunchScreen.storyboard */; };
		B70118072BA36E7600F7CAF5 /* OnboardingViewController.swift in Sources */ = {isa = PBXBuildFile; fileRef = B70118062BA36E7600F7CAF5 /* OnboardingViewController.swift */; };
		B701180A2BA372FE00F7CAF5 /* UIView+Extension.swift in Sources */ = {isa = PBXBuildFile; fileRef = B70118092BA372FE00F7CAF5 /* UIView+Extension.swift */; };
		B701180C2BA3742A00F7CAF5 /* OnboardingSlide.swift in Sources */ = {isa = PBXBuildFile; fileRef = B701180B2BA3742A00F7CAF5 /* OnboardingSlide.swift */; };
		B701180E2BA37D9300F7CAF5 /* OnboardingCollectionViewCell.swift in Sources */ = {isa = PBXBuildFile; fileRef = B701180D2BA37D9300F7CAF5 /* OnboardingCollectionViewCell.swift */; };
		B7C49F722BA7281A00DD3A3A /* Constant.swift in Sources */ = {isa = PBXBuildFile; fileRef = B7C49F712BA7281A00DD3A3A /* Constant.swift */; };
/* End PBXBuildFile section */

/* Begin PBXFileReference section */
		B70117E92BA362BB00F7CAF5 /* GroceryApp.app */ = {isa = PBXFileReference; explicitFileType = wrapper.application; includeInIndex = 0; path = GroceryApp.app; sourceTree = BUILT_PRODUCTS_DIR; };
		B70117EC2BA362BB00F7CAF5 /* AppDelegate.swift */ = {isa = PBXFileReference; lastKnownFileType = sourcecode.swift; path = AppDelegate.swift; sourceTree = "<group>"; };
		B70117EE2BA362BB00F7CAF5 /* SceneDelegate.swift */ = {isa = PBXFileReference; lastKnownFileType = sourcecode.swift; path = SceneDelegate.swift; sourceTree = "<group>"; };
		B70117F32BA362BB00F7CAF5 /* Base */ = {isa = PBXFileReference; lastKnownFileType = file.storyboard; name = Base; path = Base.lproj/Main.storyboard; sourceTree = "<group>"; };
		B70117F52BA362BC00F7CAF5 /* Assets.xcassets */ = {isa = PBXFileReference; lastKnownFileType = folder.assetcatalog; path = Assets.xcassets; sourceTree = "<group>"; };
		B70117F82BA362BC00F7CAF5 /* Base */ = {isa = PBXFileReference; lastKnownFileType = file.storyboard; name = Base; path = Base.lproj/LaunchScreen.storyboard; sourceTree = "<group>"; };
		B70117FA2BA362BC00F7CAF5 /* Info.plist */ = {isa = PBXFileReference; lastKnownFileType = text.plist.xml; path = Info.plist; sourceTree = "<group>"; };
		B70118062BA36E7600F7CAF5 /* OnboardingViewController.swift */ = {isa = PBXFileReference; lastKnownFileType = sourcecode.swift; path = OnboardingViewController.swift; sourceTree = "<group>"; };
		B70118092BA372FE00F7CAF5 /* UIView+Extension.swift */ = {isa = PBXFileReference; lastKnownFileType = sourcecode.swift; path = "UIView+Extension.swift"; sourceTree = "<group>"; };
		B701180B2BA3742A00F7CAF5 /* OnboardingSlide.swift */ = {isa = PBXFileReference; lastKnownFileType = sourcecode.swift; path = OnboardingSlide.swift; sourceTree = "<group>"; };
		B701180D2BA37D9300F7CAF5 /* OnboardingCollectionViewCell.swift */ = {isa = PBXFileReference; lastKnownFileType = sourcecode.swift; path = OnboardingCollectionViewCell.swift; sourceTree = "<group>"; };
		B7C49F712BA7281A00DD3A3A /* Constant.swift */ = {isa = PBXFileReference; lastKnownFileType = sourcecode.swift; path = Constant.swift; sourceTree = "<group>"; };
/* End PBXFileReference section */

/* Begin PBXFrameworksBuildPhase section */
		B70117E62BA362BB00F7CAF5 /* Frameworks */ = {
			isa = PBXFrameworksBuildPhase;
			buildActionMask = 2147483647;
			files = (
			);
			runOnlyForDeploymentPostprocessing = 0;
		};
/* End PBXFrameworksBuildPhase section */

/* Begin PBXGroup section */
		B70117E02BA362BB00F7CAF5 = {
			isa = PBXGroup;
			children = (
				B7C49F702BA7280700DD3A3A /* Constant */,
				B70118082BA372D400F7CAF5 /* Extension */,
				B70118012BA36E2500F7CAF5 /* Yummie */,
				B70117EB2BA362BB00F7CAF5 /* GroceryApp */,
				B70117EA2BA362BB00F7CAF5 /* Products */,
			);
			sourceTree = "<group>";
		};
		B70117EA2BA362BB00F7CAF5 /* Products */ = {
			isa = PBXGroup;
			children = (
				B70117E92BA362BB00F7CAF5 /* GroceryApp.app */,
			);
			name = Products;
			sourceTree = "<group>";
		};
		B70117EB2BA362BB00F7CAF5 /* GroceryApp */ = {
			isa = PBXGroup;
			children = (
				B70117EC2BA362BB00F7CAF5 /* AppDelegate.swift */,
				B70117EE2BA362BB00F7CAF5 /* SceneDelegate.swift */,
				B70117F22BA362BB00F7CAF5 /* Main.storyboard */,
				B70117F52BA362BC00F7CAF5 /* Assets.xcassets */,
				B70117F72BA362BC00F7CAF5 /* LaunchScreen.storyboard */,
				B70117FA2BA362BC00F7CAF5 /* Info.plist */,
			);
			path = GroceryApp;
			sourceTree = "<group>";
		};
		B70118012BA36E2500F7CAF5 /* Yummie */ = {
			isa = PBXGroup;
			children = (
				B70118042BA36E4900F7CAF5 /* CustomView */,
				B70118032BA36E4000F7CAF5 /* Model */,
				B70118022BA36E3100F7CAF5 /* View */,
			);
			path = Yummie;
			sourceTree = "<group>";
		};
		B70118022BA36E3100F7CAF5 /* View */ = {
			isa = PBXGroup;
			children = (
				B70118052BA36E5400F7CAF5 /* OnboardingView */,
			);
			path = View;
			sourceTree = "<group>";
		};
		B70118032BA36E4000F7CAF5 /* Model */ = {
			isa = PBXGroup;
			children = (
				B701180B2BA3742A00F7CAF5 /* OnboardingSlide.swift */,
			);
			path = Model;
			sourceTree = "<group>";
		};
		B70118042BA36E4900F7CAF5 /* CustomView */ = {
			isa = PBXGroup;
			children = (
			);
			path = CustomView;
			sourceTree = "<group>";
		};
		B70118052BA36E5400F7CAF5 /* OnboardingView */ = {
			isa = PBXGroup;
			children = (
				B70118062BA36E7600F7CAF5 /* OnboardingViewController.swift */,
				B701180D2BA37D9300F7CAF5 /* OnboardingCollectionViewCell.swift */,
			);
			path = OnboardingView;
			sourceTree = "<group>";
		};
		B70118082BA372D400F7CAF5 /* Extension */ = {
			isa = PBXGroup;
			children = (
				B70118092BA372FE00F7CAF5 /* UIView+Extension.swift */,
			);
			path = Extension;
			sourceTree = "<group>";
		};
		B7C49F702BA7280700DD3A3A /* Constant */ = {
			isa = PBXGroup;
			children = (
				B7C49F712BA7281A00DD3A3A /* Constant.swift */,
			);
			path = Constant;
			sourceTree = "<group>";
		};
/* End PBXGroup section */

/* Begin PBXNativeTarget section */
		B70117E82BA362BB00F7CAF5 /* GroceryApp */ = {
			isa = PBXNativeTarget;
			buildConfigurationList = B70117FD2BA362BC00F7CAF5 /* Build configuration list for PBXNativeTarget "GroceryApp" */;
			buildPhases = (
				B70117E52BA362BB00F7CAF5 /* Sources */,
				B70117E62BA362BB00F7CAF5 /* Frameworks */,
				B70117E72BA362BB00F7CAF5 /* Resources */,
			);
			buildRules = (
			);
			dependencies = (
			);
			name = GroceryApp;
			productName = GroceryApp;
			productReference = B70117E92BA362BB00F7CAF5 /* GroceryApp.app */;
			productType = "com.apple.product-type.application";
		};
/* End PBXNativeTarget section */

/* Begin PBXProject section */
		B70117E12BA362BB00F7CAF5 /* Project object */ = {
			isa = PBXProject;
			attributes = {
				BuildIndependentTargetsInParallel = 1;
				LastSwiftUpdateCheck = 1500;
				LastUpgradeCheck = 1500;
				TargetAttributes = {
					B70117E82BA362BB00F7CAF5 = {
						CreatedOnToolsVersion = 15.0.1;
					};
				};
			};
			buildConfigurationList = B70117E42BA362BB00F7CAF5 /* Build configuration list for PBXProject "GroceryApp" */;
			compatibilityVersion = "Xcode 14.0";
			developmentRegion = en;
			hasScannedForEncodings = 0;
			knownRegions = (
				en,
				Base,
			);
			mainGroup = B70117E02BA362BB00F7CAF5;
			productRefGroup = B70117EA2BA362BB00F7CAF5 /* Products */;
			projectDirPath = "";
			projectRoot = "";
			targets = (
				B70117E82BA362BB00F7CAF5 /* GroceryApp */,
			);
		};
/* End PBXProject section */

/* Begin PBXResourcesBuildPhase section */
		B70117E72BA362BB00F7CAF5 /* Resources */ = {
			isa = PBXResourcesBuildPhase;
			buildActionMask = 2147483647;
			files = (
				B70117F92BA362BC00F7CAF5 /* LaunchScreen.storyboard in Resources */,
				B70117F62BA362BC00F7CAF5 /* Assets.xcassets in Resources */,
				B70117F42BA362BB00F7CAF5 /* Main.storyboard in Resources */,
			);
			runOnlyForDeploymentPostprocessing = 0;
		};
/* End PBXResourcesBuildPhase section */

/* Begin PBXSourcesBuildPhase section */
		B70117E52BA362BB00F7CAF5 /* Sources */ = {
			isa = PBXSourcesBuildPhase;
			buildActionMask = 2147483647;
			files = (
				B7C49F722BA7281A00DD3A3A /* Constant.swift in Sources */,
				B701180C2BA3742A00F7CAF5 /* OnboardingSlide.swift in Sources */,
				B70117ED2BA362BB00F7CAF5 /* AppDelegate.swift in Sources */,
				B70117EF2BA362BB00F7CAF5 /* SceneDelegate.swift in Sources */,
				B701180A2BA372FE00F7CAF5 /* UIView+Extension.swift in Sources */,
				B70118072BA36E7600F7CAF5 /* OnboardingViewController.swift in Sources */,
				B701180E2BA37D9300F7CAF5 /* OnboardingCollectionViewCell.swift in Sources */,
			);
			runOnlyForDeploymentPostprocessing = 0;
		};
/* End PBXSourcesBuildPhase section */

/* Begin PBXVariantGroup section */
		B70117F22BA362BB00F7CAF5 /* Main.storyboard */ = {
			isa = PBXVariantGroup;
			children = (
				B70117F32BA362BB00F7CAF5 /* Base */,
			);
			name = Main.storyboard;
			sourceTree = "<group>";
		};
		B70117F72BA362BC00F7CAF5 /* LaunchScreen.storyboard */ = {
			isa = PBXVariantGroup;
			children = (
				B70117F82BA362BC00F7CAF5 /* Base */,
			);
			name = LaunchScreen.storyboard;
			sourceTree = "<group>";
		};
/* End PBXVariantGroup section */

/* Begin XCBuildConfiguration section */
		B70117FB2BA362BC00F7CAF5 /* Debug */ = {
			isa = XCBuildConfiguration;
			buildSettings = {
				ALWAYS_SEARCH_USER_PATHS = NO;
				ASSETCATALOG_COMPILER_GENERATE_SWIFT_ASSET_SYMBOL_EXTENSIONS = YES;
				CLANG_ANALYZER_NONNULL = YES;
				CLANG_ANALYZER_NUMBER_OBJECT_CONVERSION = YES_AGGRESSIVE;
				CLANG_CXX_LANGUAGE_STANDARD = "gnu++20";
				CLANG_ENABLE_MODULES = YES;
				CLANG_ENABLE_OBJC_ARC = YES;
				CLANG_ENABLE_OBJC_WEAK = YES;
				CLANG_WARN_BLOCK_CAPTURE_AUTORELEASING = YES;
				CLANG_WARN_BOOL_CONVERSION = YES;
				CLANG_WARN_COMMA = YES;
				CLANG_WARN_CONSTANT_CONVERSION = YES;
				CLANG_WARN_DEPRECATED_OBJC_IMPLEMENTATIONS = YES;
				CLANG_WARN_DIRECT_OBJC_ISA_USAGE = YES_ERROR;
				CLANG_WARN_DOCUMENTATION_COMMENTS = YES;
				CLANG_WARN_EMPTY_BODY = YES;
				CLANG_WARN_ENUM_CONVERSION = YES;
				CLANG_WARN_INFINITE_RECURSION = YES;
				CLANG_WARN_INT_CONVERSION = YES;
				CLANG_WARN_NON_LITERAL_NULL_CONVERSION = YES;
				CLANG_WARN_OBJC_IMPLICIT_RETAIN_SELF = YES;
				CLANG_WARN_OBJC_LITERAL_CONVERSION = YES;
				CLANG_WARN_OBJC_ROOT_CLASS = YES_ERROR;
				CLANG_WARN_QUOTED_INCLUDE_IN_FRAMEWORK_HEADER = YES;
				CLANG_WARN_RANGE_LOOP_ANALYSIS = YES;
				CLANG_WARN_STRICT_PROTOTYPES = YES;
				CLANG_WARN_SUSPICIOUS_MOVE = YES;
				CLANG_WARN_UNGUARDED_AVAILABILITY = YES_AGGRESSIVE;
				CLANG_WARN_UNREACHABLE_CODE = YES;
				CLANG_WARN__DUPLICATE_METHOD_MATCH = YES;
				COPY_PHASE_STRIP = NO;
				DEBUG_INFORMATION_FORMAT = dwarf;
				ENABLE_STRICT_OBJC_MSGSEND = YES;
				ENABLE_TESTABILITY = YES;
				ENABLE_USER_SCRIPT_SANDBOXING = YES;
				GCC_C_LANGUAGE_STANDARD = gnu17;
				GCC_DYNAMIC_NO_PIC = NO;
				GCC_NO_COMMON_BLOCKS = YES;
				GCC_OPTIMIZATION_LEVEL = 0;
				GCC_PREPROCESSOR_DEFINITIONS = (
					"DEBUG=1",
					"$(inherited)",
				);
				GCC_WARN_64_TO_32_BIT_CONVERSION = YES;
				GCC_WARN_ABOUT_RETURN_TYPE = YES_ERROR;
				GCC_WARN_UNDECLARED_SELECTOR = YES;
				GCC_WARN_UNINITIALIZED_AUTOS = YES_AGGRESSIVE;
				GCC_WARN_UNUSED_FUNCTION = YES;
				GCC_WARN_UNUSED_VARIABLE = YES;
				IPHONEOS_DEPLOYMENT_TARGET = 17.0;
				LOCALIZATION_PREFERS_STRING_CATALOGS = YES;
				MTL_ENABLE_DEBUG_INFO = INCLUDE_SOURCE;
				MTL_FAST_MATH = YES;
				ONLY_ACTIVE_ARCH = YES;
				SDKROOT = iphoneos;
				SWIFT_ACTIVE_COMPILATION_CONDITIONS = "DEBUG $(inherited)";
				SWIFT_OPTIMIZATION_LEVEL = "-Onone";
			};
			name = Debug;
		};
		B70117FC2BA362BC00F7CAF5 /* Release */ = {
			isa = XCBuildConfiguration;
			buildSettings = {
				ALWAYS_SEARCH_USER_PATHS = NO;
				ASSETCATALOG_COMPILER_GENERATE_SWIFT_ASSET_SYMBOL_EXTENSIONS = YES;
				CLANG_ANALYZER_NONNULL = YES;
				CLANG_ANALYZER_NUMBER_OBJECT_CONVERSION = YES_AGGRESSIVE;
				CLANG_CXX_LANGUAGE_STANDARD = "gnu++20";
				CLANG_ENABLE_MODULES = YES;
				CLANG_ENABLE_OBJC_ARC = YES;
				CLANG_ENABLE_OBJC_WEAK = YES;
				CLANG_WARN_BLOCK_CAPTURE_AUTORELEASING = YES;
				CLANG_WARN_BOOL_CONVERSION = YES;
				CLANG_WARN_COMMA = YES;
				CLANG_WARN_CONSTANT_CONVERSION = YES;
				CLANG_WARN_DEPRECATED_OBJC_IMPLEMENTATIONS = YES;
				CLANG_WARN_DIRECT_OBJC_ISA_USAGE = YES_ERROR;
				CLANG_WARN_DOCUMENTATION_COMMENTS = YES;
				CLANG_WARN_EMPTY_BODY = YES;
				CLANG_WARN_ENUM_CONVERSION = YES;
				CLANG_WARN_INFINITE_RECURSION = YES;
				CLANG_WARN_INT_CONVERSION = YES;
				CLANG_WARN_NON_LITERAL_NULL_CONVERSION = YES;
				CLANG_WARN_OBJC_IMPLICIT_RETAIN_SELF = YES;
				CLANG_WARN_OBJC_LITERAL_CONVERSION = YES;
				CLANG_WARN_OBJC_ROOT_CLASS = YES_ERROR;
				CLANG_WARN_QUOTED_INCLUDE_IN_FRAMEWORK_HEADER = YES;
				CLANG_WARN_RANGE_LOOP_ANALYSIS = YES;
				CLANG_WARN_STRICT_PROTOTYPES = YES;
				CLANG_WARN_SUSPICIOUS_MOVE = YES;
				CLANG_WARN_UNGUARDED_AVAILABILITY = YES_AGGRESSIVE;
				CLANG_WARN_UNREACHABLE_CODE = YES;
				CLANG_WARN__DUPLICATE_METHOD_MATCH = YES;
				COPY_PHASE_STRIP = NO;
				DEBUG_INFORMATION_FORMAT = "dwarf-with-dsym";
				ENABLE_NS_ASSERTIONS = NO;
				ENABLE_STRICT_OBJC_MSGSEND = YES;
				ENABLE_USER_SCRIPT_SANDBOXING = YES;
				GCC_C_LANGUAGE_STANDARD = gnu17;
				GCC_NO_COMMON_BLOCKS = YES;
				GCC_WARN_64_TO_32_BIT_CONVERSION = YES;
				GCC_WARN_ABOUT_RETURN_TYPE = YES_ERROR;
				GCC_WARN_UNDECLARED_SELECTOR = YES;
				GCC_WARN_UNINITIALIZED_AUTOS = YES_AGGRESSIVE;
				GCC_WARN_UNUSED_FUNCTION = YES;
				GCC_WARN_UNUSED_VARIABLE = YES;
				IPHONEOS_DEPLOYMENT_TARGET = 17.0;
				LOCALIZATION_PREFERS_STRING_CATALOGS = YES;
				MTL_ENABLE_DEBUG_INFO = NO;
				MTL_FAST_MATH = YES;
				SDKROOT = iphoneos;
				SWIFT_COMPILATION_MODE = wholemodule;
				VALIDATE_PRODUCT = YES;
			};
			name = Release;
		};
		B70117FE2BA362BC00F7CAF5 /* Debug */ = {
			isa = XCBuildConfiguration;
			buildSettings = {
				ASSETCATALOG_COMPILER_APPICON_NAME = AppIcon;
				ASSETCATALOG_COMPILER_GLOBAL_ACCENT_COLOR_NAME = AccentColor;
				CODE_SIGN_STYLE = Automatic;
				CURRENT_PROJECT_VERSION = 1;
				DEVELOPMENT_TEAM = F52QC5TRHY;
				GENERATE_INFOPLIST_FILE = YES;
				INFOPLIST_FILE = GroceryApp/Info.plist;
				INFOPLIST_KEY_UIApplicationSupportsIndirectInputEvents = YES;
				INFOPLIST_KEY_UILaunchStoryboardName = LaunchScreen;
				INFOPLIST_KEY_UIMainStoryboardFile = Main;
				INFOPLIST_KEY_UISupportedInterfaceOrientations_iPad = "UIInterfaceOrientationPortrait UIInterfaceOrientationPortraitUpsideDown UIInterfaceOrientationLandscapeLeft UIInterfaceOrientationLandscapeRight";
				INFOPLIST_KEY_UISupportedInterfaceOrientations_iPhone = "UIInterfaceOrientationPortrait UIInterfaceOrientationLandscapeLeft UIInterfaceOrientationLandscapeRight";
				LD_RUNPATH_SEARCH_PATHS = (
					"$(inherited)",
					"@executable_path/Frameworks",
				);
				MARKETING_VERSION = 1.0;
				PRODUCT_BUNDLE_IDENTIFIER = com.ajay.GroceryApp;
				PRODUCT_NAME = "$(TARGET_NAME)";
				SWIFT_EMIT_LOC_STRINGS = YES;
				SWIFT_VERSION = 5.0;
				TARGETED_DEVICE_FAMILY = "1,2";
			};
			name = Debug;
		};
		B70117FF2BA362BC00F7CAF5 /* Release */ = {
			isa = XCBuildConfiguration;
			buildSettings = {
				ASSETCATALOG_COMPILER_APPICON_NAME = AppIcon;
				ASSETCATALOG_COMPILER_GLOBAL_ACCENT_COLOR_NAME = AccentColor;
				CODE_SIGN_STYLE = Automatic;
				CURRENT_PROJECT_VERSION = 1;
				DEVELOPMENT_TEAM = F52QC5TRHY;
				GENERATE_INFOPLIST_FILE = YES;
				INFOPLIST_FILE = GroceryApp/Info.plist;
				INFOPLIST_KEY_UIApplicationSupportsIndirectInputEvents = YES;
				INFOPLIST_KEY_UILaunchStoryboardName = LaunchScreen;
				INFOPLIST_KEY_UIMainStoryboardFile = Main;
				INFOPLIST_KEY_UISupportedInterfaceOrientations_iPad = "UIInterfaceOrientationPortrait UIInterfaceOrientationPortraitUpsideDown UIInterfaceOrientationLandscapeLeft UIInterfaceOrientationLandscapeRight";
				INFOPLIST_KEY_UISupportedInterfaceOrientations_iPhone = "UIInterfaceOrientationPortrait UIInterfaceOrientationLandscapeLeft UIInterfaceOrientationLandscapeRight";
				LD_RUNPATH_SEARCH_PATHS = (
					"$(inherited)",
					"@executable_path/Frameworks",
				);
				MARKETING_VERSION = 1.0;
				PRODUCT_BUNDLE_IDENTIFIER = com.ajay.GroceryApp;
				PRODUCT_NAME = "$(TARGET_NAME)";
				SWIFT_EMIT_LOC_STRINGS = YES;
				SWIFT_VERSION = 5.0;
				TARGETED_DEVICE_FAMILY = "1,2";
			};
			name = Release;
		};
/* End XCBuildConfiguration section */

/* Begin XCConfigurationList section */
		B70117E42BA362BB00F7CAF5 /* Build configuration list for PBXProject "GroceryApp" */ = {
			isa = XCConfigurationList;
			buildConfigurations = (
				B70117FB2BA362BC00F7CAF5 /* Debug */,
				B70117FC2BA362BC00F7CAF5 /* Release */,
			);
			defaultConfigurationIsVisible = 0;
			defaultConfigurationName = Release;
		};
		B70117FD2BA362BC00F7CAF5 /* Build configuration list for PBXNativeTarget "GroceryApp" */ = {
			isa = XCConfigurationList;
			buildConfigurations = (
				B70117FE2BA362BC00F7CAF5 /* Debug */,
				B70117FF2BA362BC00F7CAF5 /* Release */,
			);
			defaultConfigurationIsVisible = 0;
			defaultConfigurationName = Release;
		};
/* End XCConfigurationList section */
	};
	rootObject = B70117E12BA362BB00F7CAF5 /* Project object */;
}
